// !$*UTF8*$!
{
	archiveVersion = 1;
	classes = {
	};
	objectVersion = 56;
	objects = {

/* Begin PBXBuildFile section */
		1CD8AB7C293E13A70040A2B9 /* test.swift in Sources */ = {isa = PBXBuildFile; fileRef = 1CD8AB7B293E13A70040A2B9 /* test.swift */; };
		7A62C9F7293221800046D4C5 /* DifferenceKit in Frameworks */ = {isa = PBXBuildFile; productRef = 7A62C9F6293221800046D4C5 /* DifferenceKit */; };
		7A7C236A2929E76400E65343 /* AppDelegate.swift in Sources */ = {isa = PBXBuildFile; fileRef = 7A7C23692929E76400E65343 /* AppDelegate.swift */; };
		7A7C236C2929E76400E65343 /* SceneDelegate.swift in Sources */ = {isa = PBXBuildFile; fileRef = 7A7C236B2929E76400E65343 /* SceneDelegate.swift */; };
		7A7C23732929E76500E65343 /* Assets.xcassets in Resources */ = {isa = PBXBuildFile; fileRef = 7A7C23722929E76500E65343 /* Assets.xcassets */; };
		7A7C23762929E76500E65343 /* LaunchScreen.storyboard in Resources */ = {isa = PBXBuildFile; fileRef = 7A7C23742929E76500E65343 /* LaunchScreen.storyboard */; };
		7A7C23812929E76500E65343 /* SurfTaroTests.swift in Sources */ = {isa = PBXBuildFile; fileRef = 7A7C23802929E76500E65343 /* SurfTaroTests.swift */; };
		7A7C238B2929E76500E65343 /* SurfTaroUITests.swift in Sources */ = {isa = PBXBuildFile; fileRef = 7A7C238A2929E76500E65343 /* SurfTaroUITests.swift */; };
		7A7C238D2929E76500E65343 /* SurfTaroUITestsLaunchTests.swift in Sources */ = {isa = PBXBuildFile; fileRef = 7A7C238C2929E76500E65343 /* SurfTaroUITestsLaunchTests.swift */; };
		7A7C239B2929E89000E65343 /* AppInitializer.swift in Sources */ = {isa = PBXBuildFile; fileRef = 7A7C239A2929E89000E65343 /* AppInitializer.swift */; };
		7A7C239E2929E8E400E65343 /* GlobalRouter.swift in Sources */ = {isa = PBXBuildFile; fileRef = 7A7C239D2929E8E400E65343 /* GlobalRouter.swift */; };
		7A7C23A12929E99A00E65343 /* STTabBarController.swift in Sources */ = {isa = PBXBuildFile; fileRef = 7A7C23A02929E99A00E65343 /* STTabBarController.swift */; };
		7A7C23A42929E9CF00E65343 /* Colors.swift in Sources */ = {isa = PBXBuildFile; fileRef = 7A7C23A32929E9CF00E65343 /* Colors.swift */; };
		7A7C23A72929EA2000E65343 /* STTabBarType.swift in Sources */ = {isa = PBXBuildFile; fileRef = 7A7C23A62929EA2000E65343 /* STTabBarType.swift */; };
		7A7C23AA2929EABF00E65343 /* Images.swift in Sources */ = {isa = PBXBuildFile; fileRef = 7A7C23A92929EABF00E65343 /* Images.swift */; };
		7A7C23AD2929EB2200E65343 /* String+localization.swift in Sources */ = {isa = PBXBuildFile; fileRef = 7A7C23AC2929EB2200E65343 /* String+localization.swift */; };
		7A7C23AF2929EB6C00E65343 /* UIWindow+extensions.swift in Sources */ = {isa = PBXBuildFile; fileRef = 7A7C23AE2929EB6C00E65343 /* UIWindow+extensions.swift */; };
		7A7C23B12929EC2700E65343 /* String+Extensions.swift in Sources */ = {isa = PBXBuildFile; fileRef = 7A7C23B02929EC2700E65343 /* String+Extensions.swift */; };
		7A7C23B52929ECA800E65343 /* STNavigationController.swift in Sources */ = {isa = PBXBuildFile; fileRef = 7A7C23B42929ECA800E65343 /* STNavigationController.swift */; };
		7A7C23BC2929F5BA00E65343 /* MainPresenter.swift in Sources */ = {isa = PBXBuildFile; fileRef = 7A7C23B72929F5BA00E65343 /* MainPresenter.swift */; };
		7A7C23BD2929F5BA00E65343 /* MainRouter.swift in Sources */ = {isa = PBXBuildFile; fileRef = 7A7C23B82929F5BA00E65343 /* MainRouter.swift */; };
		7A7C23BE2929F5BA00E65343 /* MainViewController.swift in Sources */ = {isa = PBXBuildFile; fileRef = 7A7C23B92929F5BA00E65343 /* MainViewController.swift */; };
		7A7C23BF2929F5BA00E65343 /* MainInteractor.swift in Sources */ = {isa = PBXBuildFile; fileRef = 7A7C23BA2929F5BA00E65343 /* MainInteractor.swift */; };
		7A7C23C02929F5BA00E65343 /* MainConfigurator.swift in Sources */ = {isa = PBXBuildFile; fileRef = 7A7C23BB2929F5BA00E65343 /* MainConfigurator.swift */; };
		7A7C23C32929F79A00E65343 /* SnapKit in Frameworks */ = {isa = PBXBuildFile; productRef = 7A7C23C22929F79A00E65343 /* SnapKit */; };
		7A7C23C62929F85900E65343 /* RxKeyboard in Frameworks */ = {isa = PBXBuildFile; productRef = 7A7C23C52929F85900E65343 /* RxKeyboard */; };
		7A7C23C82929FB8F00E65343 /* Localizable.strings in Resources */ = {isa = PBXBuildFile; fileRef = 7A7C23C72929FB8F00E65343 /* Localizable.strings */; };
/* End PBXBuildFile section */

/* Begin PBXContainerItemProxy section */
		7A7C237D2929E76500E65343 /* PBXContainerItemProxy */ = {
			isa = PBXContainerItemProxy;
			containerPortal = 7A7C235E2929E76400E65343 /* Project object */;
			proxyType = 1;
			remoteGlobalIDString = 7A7C23652929E76400E65343;
			remoteInfo = SurfTaro;
		};
		7A7C23872929E76500E65343 /* PBXContainerItemProxy */ = {
			isa = PBXContainerItemProxy;
			containerPortal = 7A7C235E2929E76400E65343 /* Project object */;
			proxyType = 1;
			remoteGlobalIDString = 7A7C23652929E76400E65343;
			remoteInfo = SurfTaro;
		};
/* End PBXContainerItemProxy section */

/* Begin PBXFileReference section */
		1CD8AB7B293E13A70040A2B9 /* test.swift */ = {isa = PBXFileReference; lastKnownFileType = sourcecode.swift; path = test.swift; sourceTree = "<group>"; };
		7A7C23662929E76400E65343 /* SurfTaro.app */ = {isa = PBXFileReference; explicitFileType = wrapper.application; includeInIndex = 0; path = SurfTaro.app; sourceTree = BUILT_PRODUCTS_DIR; };
		7A7C23692929E76400E65343 /* AppDelegate.swift */ = {isa = PBXFileReference; lastKnownFileType = sourcecode.swift; path = AppDelegate.swift; sourceTree = "<group>"; };
		7A7C236B2929E76400E65343 /* SceneDelegate.swift */ = {isa = PBXFileReference; lastKnownFileType = sourcecode.swift; path = SceneDelegate.swift; sourceTree = "<group>"; };
		7A7C23722929E76500E65343 /* Assets.xcassets */ = {isa = PBXFileReference; lastKnownFileType = folder.assetcatalog; path = Assets.xcassets; sourceTree = "<group>"; };
		7A7C23752929E76500E65343 /* Base */ = {isa = PBXFileReference; lastKnownFileType = file.storyboard; name = Base; path = Base.lproj/LaunchScreen.storyboard; sourceTree = "<group>"; };
		7A7C23772929E76500E65343 /* Info.plist */ = {isa = PBXFileReference; lastKnownFileType = text.plist.xml; path = Info.plist; sourceTree = "<group>"; };
		7A7C237C2929E76500E65343 /* SurfTaroTests.xctest */ = {isa = PBXFileReference; explicitFileType = wrapper.cfbundle; includeInIndex = 0; path = SurfTaroTests.xctest; sourceTree = BUILT_PRODUCTS_DIR; };
		7A7C23802929E76500E65343 /* SurfTaroTests.swift */ = {isa = PBXFileReference; lastKnownFileType = sourcecode.swift; path = SurfTaroTests.swift; sourceTree = "<group>"; };
		7A7C23862929E76500E65343 /* SurfTaroUITests.xctest */ = {isa = PBXFileReference; explicitFileType = wrapper.cfbundle; includeInIndex = 0; path = SurfTaroUITests.xctest; sourceTree = BUILT_PRODUCTS_DIR; };
		7A7C238A2929E76500E65343 /* SurfTaroUITests.swift */ = {isa = PBXFileReference; lastKnownFileType = sourcecode.swift; path = SurfTaroUITests.swift; sourceTree = "<group>"; };
		7A7C238C2929E76500E65343 /* SurfTaroUITestsLaunchTests.swift */ = {isa = PBXFileReference; lastKnownFileType = sourcecode.swift; path = SurfTaroUITestsLaunchTests.swift; sourceTree = "<group>"; };
		7A7C239A2929E89000E65343 /* AppInitializer.swift */ = {isa = PBXFileReference; lastKnownFileType = sourcecode.swift; path = AppInitializer.swift; sourceTree = "<group>"; };
		7A7C239D2929E8E400E65343 /* GlobalRouter.swift */ = {isa = PBXFileReference; lastKnownFileType = sourcecode.swift; path = GlobalRouter.swift; sourceTree = "<group>"; };
		7A7C23A02929E99A00E65343 /* STTabBarController.swift */ = {isa = PBXFileReference; lastKnownFileType = sourcecode.swift; path = STTabBarController.swift; sourceTree = "<group>"; };
		7A7C23A32929E9CF00E65343 /* Colors.swift */ = {isa = PBXFileReference; lastKnownFileType = sourcecode.swift; path = Colors.swift; sourceTree = "<group>"; };
		7A7C23A62929EA2000E65343 /* STTabBarType.swift */ = {isa = PBXFileReference; lastKnownFileType = sourcecode.swift; path = STTabBarType.swift; sourceTree = "<group>"; };
		7A7C23A92929EABF00E65343 /* Images.swift */ = {isa = PBXFileReference; lastKnownFileType = sourcecode.swift; path = Images.swift; sourceTree = "<group>"; };
		7A7C23AC2929EB2200E65343 /* String+localization.swift */ = {isa = PBXFileReference; lastKnownFileType = sourcecode.swift; path = "String+localization.swift"; sourceTree = "<group>"; };
		7A7C23AE2929EB6C00E65343 /* UIWindow+extensions.swift */ = {isa = PBXFileReference; lastKnownFileType = sourcecode.swift; path = "UIWindow+extensions.swift"; sourceTree = "<group>"; };
		7A7C23B02929EC2700E65343 /* String+Extensions.swift */ = {isa = PBXFileReference; lastKnownFileType = sourcecode.swift; path = "String+Extensions.swift"; sourceTree = "<group>"; };
		7A7C23B42929ECA800E65343 /* STNavigationController.swift */ = {isa = PBXFileReference; lastKnownFileType = sourcecode.swift; path = STNavigationController.swift; sourceTree = "<group>"; };
		7A7C23B72929F5BA00E65343 /* MainPresenter.swift */ = {isa = PBXFileReference; lastKnownFileType = sourcecode.swift; path = MainPresenter.swift; sourceTree = "<group>"; };
		7A7C23B82929F5BA00E65343 /* MainRouter.swift */ = {isa = PBXFileReference; lastKnownFileType = sourcecode.swift; path = MainRouter.swift; sourceTree = "<group>"; };
		7A7C23B92929F5BA00E65343 /* MainViewController.swift */ = {isa = PBXFileReference; lastKnownFileType = sourcecode.swift; path = MainViewController.swift; sourceTree = "<group>"; };
		7A7C23BA2929F5BA00E65343 /* MainInteractor.swift */ = {isa = PBXFileReference; lastKnownFileType = sourcecode.swift; path = MainInteractor.swift; sourceTree = "<group>"; };
		7A7C23BB2929F5BA00E65343 /* MainConfigurator.swift */ = {isa = PBXFileReference; lastKnownFileType = sourcecode.swift; path = MainConfigurator.swift; sourceTree = "<group>"; };
		7A7C23C72929FB8F00E65343 /* Localizable.strings */ = {isa = PBXFileReference; lastKnownFileType = text.plist.strings; path = Localizable.strings; sourceTree = "<group>"; };
/* End PBXFileReference section */

/* Begin PBXFrameworksBuildPhase section */
		7A7C23632929E76400E65343 /* Frameworks */ = {
			isa = PBXFrameworksBuildPhase;
			buildActionMask = 2147483647;
			files = (
				7A62C9F7293221800046D4C5 /* DifferenceKit in Frameworks */,
				7A7C23C32929F79A00E65343 /* SnapKit in Frameworks */,
				7A7C23C62929F85900E65343 /* RxKeyboard in Frameworks */,
			);
			runOnlyForDeploymentPostprocessing = 0;
		};
		7A7C23792929E76500E65343 /* Frameworks */ = {
			isa = PBXFrameworksBuildPhase;
			buildActionMask = 2147483647;
			files = (
			);
			runOnlyForDeploymentPostprocessing = 0;
		};
		7A7C23832929E76500E65343 /* Frameworks */ = {
			isa = PBXFrameworksBuildPhase;
			buildActionMask = 2147483647;
			files = (
			);
			runOnlyForDeploymentPostprocessing = 0;
		};
/* End PBXFrameworksBuildPhase section */

/* Begin PBXGroup section */
		7A7C235D2929E76400E65343 = {
			isa = PBXGroup;
			children = (
				1CD8AB7B293E13A70040A2B9 /* test.swift */,
				7A7C23682929E76400E65343 /* SurfTaro */,
				7A7C237F2929E76500E65343 /* SurfTaroTests */,
				7A7C23892929E76500E65343 /* SurfTaroUITests */,
				7A7C23672929E76400E65343 /* Products */,
			);
			sourceTree = "<group>";
		};
		7A7C23672929E76400E65343 /* Products */ = {
			isa = PBXGroup;
			children = (
				7A7C23662929E76400E65343 /* SurfTaro.app */,
				7A7C237C2929E76500E65343 /* SurfTaroTests.xctest */,
				7A7C23862929E76500E65343 /* SurfTaroUITests.xctest */,
			);
			name = Products;
			sourceTree = "<group>";
		};
		7A7C23682929E76400E65343 /* SurfTaro */ = {
			isa = PBXGroup;
			children = (
				7A7C23A82929EAAC00E65343 /* Supporting+files */,
				7A7C239C2929E8D500E65343 /* AppLayer */,
				7A7C23992929E87600E65343 /* ServiceLayer */,
			);
			path = SurfTaro;
			sourceTree = "<group>";
		};
		7A7C237F2929E76500E65343 /* SurfTaroTests */ = {
			isa = PBXGroup;
			children = (
				7A7C23802929E76500E65343 /* SurfTaroTests.swift */,
			);
			path = SurfTaroTests;
			sourceTree = "<group>";
		};
		7A7C23892929E76500E65343 /* SurfTaroUITests */ = {
			isa = PBXGroup;
			children = (
				7A7C238A2929E76500E65343 /* SurfTaroUITests.swift */,
				7A7C238C2929E76500E65343 /* SurfTaroUITestsLaunchTests.swift */,
			);
			path = SurfTaroUITests;
			sourceTree = "<group>";
		};
		7A7C23992929E87600E65343 /* ServiceLayer */ = {
			isa = PBXGroup;
			children = (
				7A7C239A2929E89000E65343 /* AppInitializer.swift */,
			);
			path = ServiceLayer;
			sourceTree = "<group>";
		};
		7A7C239C2929E8D500E65343 /* AppLayer */ = {
			isa = PBXGroup;
			children = (
				7A7C23AB2929EB0900E65343 /* Extensions */,
				7A7C23A22929E9C300E65343 /* Helpers */,
				7A7C239F2929E97B00E65343 /* Modules */,
				7A7C239D2929E8E400E65343 /* GlobalRouter.swift */,
			);
			path = AppLayer;
			sourceTree = "<group>";
		};
		7A7C239F2929E97B00E65343 /* Modules */ = {
			isa = PBXGroup;
			children = (
				7A7C23B32929EC9100E65343 /* STNavigationController */,
				7A7C23B22929EC4600E65343 /* MainScreen */,
				7A7C23A52929EA0600E65343 /* STTabBarController */,
			);
			path = Modules;
			sourceTree = "<group>";
		};
		7A7C23A22929E9C300E65343 /* Helpers */ = {
			isa = PBXGroup;
			children = (
				7A7C23A32929E9CF00E65343 /* Colors.swift */,
			);
			path = Helpers;
			sourceTree = "<group>";
		};
		7A7C23A52929EA0600E65343 /* STTabBarController */ = {
			isa = PBXGroup;
			children = (
				7A7C23A02929E99A00E65343 /* STTabBarController.swift */,
				7A7C23A62929EA2000E65343 /* STTabBarType.swift */,
			);
			path = STTabBarController;
			sourceTree = "<group>";
		};
		7A7C23A82929EAAC00E65343 /* Supporting+files */ = {
			isa = PBXGroup;
			children = (
				7A7C23772929E76500E65343 /* Info.plist */,
				7A7C23722929E76500E65343 /* Assets.xcassets */,
				7A7C23742929E76500E65343 /* LaunchScreen.storyboard */,
				7A7C23692929E76400E65343 /* AppDelegate.swift */,
				7A7C236B2929E76400E65343 /* SceneDelegate.swift */,
				7A7C23A92929EABF00E65343 /* Images.swift */,
				7A7C23C72929FB8F00E65343 /* Localizable.strings */,
			);
			path = "Supporting+files";
			sourceTree = "<group>";
		};
		7A7C23AB2929EB0900E65343 /* Extensions */ = {
			isa = PBXGroup;
			children = (
				7A7C23AC2929EB2200E65343 /* String+localization.swift */,
				7A7C23AE2929EB6C00E65343 /* UIWindow+extensions.swift */,
				7A7C23B02929EC2700E65343 /* String+Extensions.swift */,
			);
			path = Extensions;
			sourceTree = "<group>";
		};
		7A7C23B22929EC4600E65343 /* MainScreen */ = {
			isa = PBXGroup;
			children = (
				7A7C23B72929F5BA00E65343 /* MainPresenter.swift */,
				7A7C23B82929F5BA00E65343 /* MainRouter.swift */,
				7A7C23B92929F5BA00E65343 /* MainViewController.swift */,
				7A7C23BA2929F5BA00E65343 /* MainInteractor.swift */,
				7A7C23BB2929F5BA00E65343 /* MainConfigurator.swift */,
			);
			path = MainScreen;
			sourceTree = "<group>";
		};
		7A7C23B32929EC9100E65343 /* STNavigationController */ = {
			isa = PBXGroup;
			children = (
				7A7C23B42929ECA800E65343 /* STNavigationController.swift */,
			);
			path = STNavigationController;
			sourceTree = "<group>";
		};
/* End PBXGroup section */

/* Begin PBXNativeTarget section */
		7A7C23652929E76400E65343 /* SurfTaro */ = {
			isa = PBXNativeTarget;
			buildConfigurationList = 7A7C23902929E76500E65343 /* Build configuration list for PBXNativeTarget "SurfTaro" */;
			buildPhases = (
				7A7C23622929E76400E65343 /* Sources */,
				7A7C23632929E76400E65343 /* Frameworks */,
				7A7C23642929E76400E65343 /* Resources */,
			);
			buildRules = (
			);
			dependencies = (
			);
			name = SurfTaro;
			packageProductDependencies = (
				7A7C23C22929F79A00E65343 /* SnapKit */,
				7A7C23C52929F85900E65343 /* RxKeyboard */,
				7A62C9F6293221800046D4C5 /* DifferenceKit */,
			);
			productName = SurfTaro;
			productReference = 7A7C23662929E76400E65343 /* SurfTaro.app */;
			productType = "com.apple.product-type.application";
		};
		7A7C237B2929E76500E65343 /* SurfTaroTests */ = {
			isa = PBXNativeTarget;
			buildConfigurationList = 7A7C23932929E76500E65343 /* Build configuration list for PBXNativeTarget "SurfTaroTests" */;
			buildPhases = (
				7A7C23782929E76500E65343 /* Sources */,
				7A7C23792929E76500E65343 /* Frameworks */,
				7A7C237A2929E76500E65343 /* Resources */,
			);
			buildRules = (
			);
			dependencies = (
				7A7C237E2929E76500E65343 /* PBXTargetDependency */,
			);
			name = SurfTaroTests;
			productName = SurfTaroTests;
			productReference = 7A7C237C2929E76500E65343 /* SurfTaroTests.xctest */;
			productType = "com.apple.product-type.bundle.unit-test";
		};
		7A7C23852929E76500E65343 /* SurfTaroUITests */ = {
			isa = PBXNativeTarget;
			buildConfigurationList = 7A7C23962929E76500E65343 /* Build configuration list for PBXNativeTarget "SurfTaroUITests" */;
			buildPhases = (
				7A7C23822929E76500E65343 /* Sources */,
				7A7C23832929E76500E65343 /* Frameworks */,
				7A7C23842929E76500E65343 /* Resources */,
			);
			buildRules = (
			);
			dependencies = (
				7A7C23882929E76500E65343 /* PBXTargetDependency */,
			);
			name = SurfTaroUITests;
			productName = SurfTaroUITests;
			productReference = 7A7C23862929E76500E65343 /* SurfTaroUITests.xctest */;
			productType = "com.apple.product-type.bundle.ui-testing";
		};
/* End PBXNativeTarget section */

/* Begin PBXProject section */
		7A7C235E2929E76400E65343 /* Project object */ = {
			isa = PBXProject;
			attributes = {
				BuildIndependentTargetsInParallel = 1;
				LastSwiftUpdateCheck = 1400;
				LastUpgradeCheck = 1400;
				TargetAttributes = {
					7A7C23652929E76400E65343 = {
						CreatedOnToolsVersion = 14.0.1;
					};
					7A7C237B2929E76500E65343 = {
						CreatedOnToolsVersion = 14.0.1;
						TestTargetID = 7A7C23652929E76400E65343;
					};
					7A7C23852929E76500E65343 = {
						CreatedOnToolsVersion = 14.0.1;
						TestTargetID = 7A7C23652929E76400E65343;
					};
				};
			};
			buildConfigurationList = 7A7C23612929E76400E65343 /* Build configuration list for PBXProject "SurfTaro" */;
			compatibilityVersion = "Xcode 14.0";
			developmentRegion = en;
			hasScannedForEncodings = 0;
			knownRegions = (
				en,
				Base,
			);
			mainGroup = 7A7C235D2929E76400E65343;
			packageReferences = (
				7A7C23C12929F79A00E65343 /* XCRemoteSwiftPackageReference "SnapKit" */,
				7A7C23C42929F85900E65343 /* XCRemoteSwiftPackageReference "RxKeyboard" */,
				7A62C9F5293221800046D4C5 /* XCRemoteSwiftPackageReference "DifferenceKit" */,
			);
			productRefGroup = 7A7C23672929E76400E65343 /* Products */;
			projectDirPath = "";
			projectRoot = "";
			targets = (
				7A7C23652929E76400E65343 /* SurfTaro */,
				7A7C237B2929E76500E65343 /* SurfTaroTests */,
				7A7C23852929E76500E65343 /* SurfTaroUITests */,
			);
		};
/* End PBXProject section */

/* Begin PBXResourcesBuildPhase section */
		7A7C23642929E76400E65343 /* Resources */ = {
			isa = PBXResourcesBuildPhase;
			buildActionMask = 2147483647;
			files = (
				7A7C23762929E76500E65343 /* LaunchScreen.storyboard in Resources */,
				7A7C23C82929FB8F00E65343 /* Localizable.strings in Resources */,
				7A7C23732929E76500E65343 /* Assets.xcassets in Resources */,
			);
			runOnlyForDeploymentPostprocessing = 0;
		};
		7A7C237A2929E76500E65343 /* Resources */ = {
			isa = PBXResourcesBuildPhase;
			buildActionMask = 2147483647;
			files = (
			);
			runOnlyForDeploymentPostprocessing = 0;
		};
		7A7C23842929E76500E65343 /* Resources */ = {
			isa = PBXResourcesBuildPhase;
			buildActionMask = 2147483647;
			files = (
			);
			runOnlyForDeploymentPostprocessing = 0;
		};
/* End PBXResourcesBuildPhase section */

/* Begin PBXSourcesBuildPhase section */
		7A7C23622929E76400E65343 /* Sources */ = {
			isa = PBXSourcesBuildPhase;
			buildActionMask = 2147483647;
			files = (
				7A7C23B52929ECA800E65343 /* STNavigationController.swift in Sources */,
				7A7C239B2929E89000E65343 /* AppInitializer.swift in Sources */,
				7A7C239E2929E8E400E65343 /* GlobalRouter.swift in Sources */,
				7A7C23A72929EA2000E65343 /* STTabBarType.swift in Sources */,
				7A7C23A12929E99A00E65343 /* STTabBarController.swift in Sources */,
				7A7C23BD2929F5BA00E65343 /* MainRouter.swift in Sources */,
				7A7C23BC2929F5BA00E65343 /* MainPresenter.swift in Sources */,
				7A7C23BE2929F5BA00E65343 /* MainViewController.swift in Sources */,
				7A7C23B12929EC2700E65343 /* String+Extensions.swift in Sources */,
				7A7C23A42929E9CF00E65343 /* Colors.swift in Sources */,
				7A7C23C02929F5BA00E65343 /* MainConfigurator.swift in Sources */,
				7A7C23AF2929EB6C00E65343 /* UIWindow+extensions.swift in Sources */,
				7A7C236A2929E76400E65343 /* AppDelegate.swift in Sources */,
				1CD8AB7C293E13A70040A2B9 /* test.swift in Sources */,
				7A7C236C2929E76400E65343 /* SceneDelegate.swift in Sources */,
				7A7C23AA2929EABF00E65343 /* Images.swift in Sources */,
				7A7C23BF2929F5BA00E65343 /* MainInteractor.swift in Sources */,
				7A7C23AD2929EB2200E65343 /* String+localization.swift in Sources */,
			);
			runOnlyForDeploymentPostprocessing = 0;
		};
		7A7C23782929E76500E65343 /* Sources */ = {
			isa = PBXSourcesBuildPhase;
			buildActionMask = 2147483647;
			files = (
				7A7C23812929E76500E65343 /* SurfTaroTests.swift in Sources */,
			);
			runOnlyForDeploymentPostprocessing = 0;
		};
		7A7C23822929E76500E65343 /* Sources */ = {
			isa = PBXSourcesBuildPhase;
			buildActionMask = 2147483647;
			files = (
				7A7C238D2929E76500E65343 /* SurfTaroUITestsLaunchTests.swift in Sources */,
				7A7C238B2929E76500E65343 /* SurfTaroUITests.swift in Sources */,
			);
			runOnlyForDeploymentPostprocessing = 0;
		};
/* End PBXSourcesBuildPhase section */

/* Begin PBXTargetDependency section */
		7A7C237E2929E76500E65343 /* PBXTargetDependency */ = {
			isa = PBXTargetDependency;
			target = 7A7C23652929E76400E65343 /* SurfTaro */;
			targetProxy = 7A7C237D2929E76500E65343 /* PBXContainerItemProxy */;
		};
		7A7C23882929E76500E65343 /* PBXTargetDependency */ = {
			isa = PBXTargetDependency;
			target = 7A7C23652929E76400E65343 /* SurfTaro */;
			targetProxy = 7A7C23872929E76500E65343 /* PBXContainerItemProxy */;
		};
/* End PBXTargetDependency section */

/* Begin PBXVariantGroup section */
		7A7C23742929E76500E65343 /* LaunchScreen.storyboard */ = {
			isa = PBXVariantGroup;
			children = (
				7A7C23752929E76500E65343 /* Base */,
			);
			name = LaunchScreen.storyboard;
			sourceTree = "<group>";
		};
/* End PBXVariantGroup section */

/* Begin XCBuildConfiguration section */
		7A7C238E2929E76500E65343 /* Debug */ = {
			isa = XCBuildConfiguration;
			buildSettings = {
				ALWAYS_SEARCH_USER_PATHS = NO;
				CLANG_ANALYZER_NONNULL = YES;
				CLANG_ANALYZER_NUMBER_OBJECT_CONVERSION = YES_AGGRESSIVE;
				CLANG_CXX_LANGUAGE_STANDARD = "gnu++20";
				CLANG_ENABLE_MODULES = YES;
				CLANG_ENABLE_OBJC_ARC = YES;
				CLANG_ENABLE_OBJC_WEAK = YES;
				CLANG_WARN_BLOCK_CAPTURE_AUTORELEASING = YES;
				CLANG_WARN_BOOL_CONVERSION = YES;
				CLANG_WARN_COMMA = YES;
				CLANG_WARN_CONSTANT_CONVERSION = YES;
				CLANG_WARN_DEPRECATED_OBJC_IMPLEMENTATIONS = YES;
				CLANG_WARN_DIRECT_OBJC_ISA_USAGE = YES_ERROR;
				CLANG_WARN_DOCUMENTATION_COMMENTS = YES;
				CLANG_WARN_EMPTY_BODY = YES;
				CLANG_WARN_ENUM_CONVERSION = YES;
				CLANG_WARN_INFINITE_RECURSION = YES;
				CLANG_WARN_INT_CONVERSION = YES;
				CLANG_WARN_NON_LITERAL_NULL_CONVERSION = YES;
				CLANG_WARN_OBJC_IMPLICIT_RETAIN_SELF = YES;
				CLANG_WARN_OBJC_LITERAL_CONVERSION = YES;
				CLANG_WARN_OBJC_ROOT_CLASS = YES_ERROR;
				CLANG_WARN_QUOTED_INCLUDE_IN_FRAMEWORK_HEADER = YES;
				CLANG_WARN_RANGE_LOOP_ANALYSIS = YES;
				CLANG_WARN_STRICT_PROTOTYPES = YES;
				CLANG_WARN_SUSPICIOUS_MOVE = YES;
				CLANG_WARN_UNGUARDED_AVAILABILITY = YES_AGGRESSIVE;
				CLANG_WARN_UNREACHABLE_CODE = YES;
				CLANG_WARN__DUPLICATE_METHOD_MATCH = YES;
				COPY_PHASE_STRIP = NO;
				DEBUG_INFORMATION_FORMAT = dwarf;
				ENABLE_STRICT_OBJC_MSGSEND = YES;
				ENABLE_TESTABILITY = YES;
				GCC_C_LANGUAGE_STANDARD = gnu11;
				GCC_DYNAMIC_NO_PIC = NO;
				GCC_NO_COMMON_BLOCKS = YES;
				GCC_OPTIMIZATION_LEVEL = 0;
				GCC_PREPROCESSOR_DEFINITIONS = (
					"DEBUG=1",
					"$(inherited)",
				);
				GCC_WARN_64_TO_32_BIT_CONVERSION = YES;
				GCC_WARN_ABOUT_RETURN_TYPE = YES_ERROR;
				GCC_WARN_UNDECLARED_SELECTOR = YES;
				GCC_WARN_UNINITIALIZED_AUTOS = YES_AGGRESSIVE;
				GCC_WARN_UNUSED_FUNCTION = YES;
				GCC_WARN_UNUSED_VARIABLE = YES;
				IPHONEOS_DEPLOYMENT_TARGET = 16.0;
				MTL_ENABLE_DEBUG_INFO = INCLUDE_SOURCE;
				MTL_FAST_MATH = YES;
				ONLY_ACTIVE_ARCH = YES;
				SDKROOT = iphoneos;
				SWIFT_ACTIVE_COMPILATION_CONDITIONS = DEBUG;
				SWIFT_OPTIMIZATION_LEVEL = "-Onone";
			};
			name = Debug;
		};
		7A7C238F2929E76500E65343 /* Release */ = {
			isa = XCBuildConfiguration;
			buildSettings = {
				ALWAYS_SEARCH_USER_PATHS = NO;
				CLANG_ANALYZER_NONNULL = YES;
				CLANG_ANALYZER_NUMBER_OBJECT_CONVERSION = YES_AGGRESSIVE;
				CLANG_CXX_LANGUAGE_STANDARD = "gnu++20";
				CLANG_ENABLE_MODULES = YES;
				CLANG_ENABLE_OBJC_ARC = YES;
				CLANG_ENABLE_OBJC_WEAK = YES;
				CLANG_WARN_BLOCK_CAPTURE_AUTORELEASING = YES;
				CLANG_WARN_BOOL_CONVERSION = YES;
				CLANG_WARN_COMMA = YES;
				CLANG_WARN_CONSTANT_CONVERSION = YES;
				CLANG_WARN_DEPRECATED_OBJC_IMPLEMENTATIONS = YES;
				CLANG_WARN_DIRECT_OBJC_ISA_USAGE = YES_ERROR;
				CLANG_WARN_DOCUMENTATION_COMMENTS = YES;
				CLANG_WARN_EMPTY_BODY = YES;
				CLANG_WARN_ENUM_CONVERSION = YES;
				CLANG_WARN_INFINITE_RECURSION = YES;
				CLANG_WARN_INT_CONVERSION = YES;
				CLANG_WARN_NON_LITERAL_NULL_CONVERSION = YES;
				CLANG_WARN_OBJC_IMPLICIT_RETAIN_SELF = YES;
				CLANG_WARN_OBJC_LITERAL_CONVERSION = YES;
				CLANG_WARN_OBJC_ROOT_CLASS = YES_ERROR;
				CLANG_WARN_QUOTED_INCLUDE_IN_FRAMEWORK_HEADER = YES;
				CLANG_WARN_RANGE_LOOP_ANALYSIS = YES;
				CLANG_WARN_STRICT_PROTOTYPES = YES;
				CLANG_WARN_SUSPICIOUS_MOVE = YES;
				CLANG_WARN_UNGUARDED_AVAILABILITY = YES_AGGRESSIVE;
				CLANG_WARN_UNREACHABLE_CODE = YES;
				CLANG_WARN__DUPLICATE_METHOD_MATCH = YES;
				COPY_PHASE_STRIP = NO;
				DEBUG_INFORMATION_FORMAT = "dwarf-with-dsym";
				ENABLE_NS_ASSERTIONS = NO;
				ENABLE_STRICT_OBJC_MSGSEND = YES;
				GCC_C_LANGUAGE_STANDARD = gnu11;
				GCC_NO_COMMON_BLOCKS = YES;
				GCC_WARN_64_TO_32_BIT_CONVERSION = YES;
				GCC_WARN_ABOUT_RETURN_TYPE = YES_ERROR;
				GCC_WARN_UNDECLARED_SELECTOR = YES;
				GCC_WARN_UNINITIALIZED_AUTOS = YES_AGGRESSIVE;
				GCC_WARN_UNUSED_FUNCTION = YES;
				GCC_WARN_UNUSED_VARIABLE = YES;
				IPHONEOS_DEPLOYMENT_TARGET = 16.0;
				MTL_ENABLE_DEBUG_INFO = NO;
				MTL_FAST_MATH = YES;
				SDKROOT = iphoneos;
				SWIFT_COMPILATION_MODE = wholemodule;
				SWIFT_OPTIMIZATION_LEVEL = "-O";
				VALIDATE_PRODUCT = YES;
			};
			name = Release;
		};
		7A7C23912929E76500E65343 /* Debug */ = {
			isa = XCBuildConfiguration;
			buildSettings = {
				ASSETCATALOG_COMPILER_APPICON_NAME = AppIcon;
				ASSETCATALOG_COMPILER_GLOBAL_ACCENT_COLOR_NAME = AccentColor;
				CODE_SIGN_STYLE = Automatic;
				CURRENT_PROJECT_VERSION = 1;
				GENERATE_INFOPLIST_FILE = YES;
				INFOPLIST_FILE = "SurfTaro/Supporting+files/Info.plist";
				INFOPLIST_KEY_UIApplicationSupportsIndirectInputEvents = YES;
				INFOPLIST_KEY_UILaunchStoryboardName = LaunchScreen.storyboard;
				INFOPLIST_KEY_UISupportedInterfaceOrientations = UIInterfaceOrientationPortrait;
				IPHONEOS_DEPLOYMENT_TARGET = 15.0;
				LD_RUNPATH_SEARCH_PATHS = (
					"$(inherited)",
					"@executable_path/Frameworks",
				);
				MARKETING_VERSION = 1.0;
				PRODUCT_BUNDLE_IDENTIFIER = com.artema.SurfTaro;
				PRODUCT_NAME = "$(TARGET_NAME)";
				SUPPORTED_PLATFORMS = "iphoneos iphonesimulator";
				SUPPORTS_MACCATALYST = NO;
				SUPPORTS_MAC_DESIGNED_FOR_IPHONE_IPAD = YES;
				SWIFT_EMIT_LOC_STRINGS = YES;
				SWIFT_VERSION = 5.0;
				TARGETED_DEVICE_FAMILY = 1;
			};
			name = Debug;
		};
		7A7C23922929E76500E65343 /* Release */ = {
			isa = XCBuildConfiguration;
			buildSettings = {
				ASSETCATALOG_COMPILER_APPICON_NAME = AppIcon;
				ASSETCATALOG_COMPILER_GLOBAL_ACCENT_COLOR_NAME = AccentColor;
				CODE_SIGN_STYLE = Automatic;
				CURRENT_PROJECT_VERSION = 1;
				GENERATE_INFOPLIST_FILE = YES;
				INFOPLIST_FILE = "SurfTaro/Supporting+files/Info.plist";
				INFOPLIST_KEY_UIApplicationSupportsIndirectInputEvents = YES;
				INFOPLIST_KEY_UILaunchStoryboardName = LaunchScreen.storyboard;
				INFOPLIST_KEY_UISupportedInterfaceOrientations = UIInterfaceOrientationPortrait;
				IPHONEOS_DEPLOYMENT_TARGET = 15.0;
				LD_RUNPATH_SEARCH_PATHS = (
					"$(inherited)",
					"@executable_path/Frameworks",
				);
				MARKETING_VERSION = 1.0;
				PRODUCT_BUNDLE_IDENTIFIER = com.artema.SurfTaro;
				PRODUCT_NAME = "$(TARGET_NAME)";
				SUPPORTED_PLATFORMS = "iphoneos iphonesimulator";
				SUPPORTS_MACCATALYST = NO;
				SUPPORTS_MAC_DESIGNED_FOR_IPHONE_IPAD = YES;
				SWIFT_EMIT_LOC_STRINGS = YES;
				SWIFT_VERSION = 5.0;
				TARGETED_DEVICE_FAMILY = 1;
			};
			name = Release;
		};
		7A7C23942929E76500E65343 /* Debug */ = {
			isa = XCBuildConfiguration;
			buildSettings = {
				ALWAYS_EMBED_SWIFT_STANDARD_LIBRARIES = YES;
				BUNDLE_LOADER = "$(TEST_HOST)";
				CODE_SIGN_STYLE = Automatic;
				CURRENT_PROJECT_VERSION = 1;
				GENERATE_INFOPLIST_FILE = YES;
				IPHONEOS_DEPLOYMENT_TARGET = 16.0;
				MARKETING_VERSION = 1.0;
				PRODUCT_BUNDLE_IDENTIFIER = com.artema.SurfTaroTests;
				PRODUCT_NAME = "$(TARGET_NAME)";
				SWIFT_EMIT_LOC_STRINGS = NO;
				SWIFT_VERSION = 5.0;
				TARGETED_DEVICE_FAMILY = "1,2";
				TEST_HOST = "$(BUILT_PRODUCTS_DIR)/SurfTaro.app/$(BUNDLE_EXECUTABLE_FOLDER_PATH)/SurfTaro";
			};
			name = Debug;
		};
		7A7C23952929E76500E65343 /* Release */ = {
			isa = XCBuildConfiguration;
			buildSettings = {
				ALWAYS_EMBED_SWIFT_STANDARD_LIBRARIES = YES;
				BUNDLE_LOADER = "$(TEST_HOST)";
				CODE_SIGN_STYLE = Automatic;
				CURRENT_PROJECT_VERSION = 1;
				GENERATE_INFOPLIST_FILE = YES;
				IPHONEOS_DEPLOYMENT_TARGET = 16.0;
				MARKETING_VERSION = 1.0;
				PRODUCT_BUNDLE_IDENTIFIER = com.artema.SurfTaroTests;
				PRODUCT_NAME = "$(TARGET_NAME)";
				SWIFT_EMIT_LOC_STRINGS = NO;
				SWIFT_VERSION = 5.0;
				TARGETED_DEVICE_FAMILY = "1,2";
				TEST_HOST = "$(BUILT_PRODUCTS_DIR)/SurfTaro.app/$(BUNDLE_EXECUTABLE_FOLDER_PATH)/SurfTaro";
			};
			name = Release;
		};
		7A7C23972929E76500E65343 /* Debug */ = {
			isa = XCBuildConfiguration;
			buildSettings = {
				ALWAYS_EMBED_SWIFT_STANDARD_LIBRARIES = YES;
				CODE_SIGN_STYLE = Automatic;
				CURRENT_PROJECT_VERSION = 1;
				GENERATE_INFOPLIST_FILE = YES;
				MARKETING_VERSION = 1.0;
				PRODUCT_BUNDLE_IDENTIFIER = com.artema.SurfTaroUITests;
				PRODUCT_NAME = "$(TARGET_NAME)";
				SWIFT_EMIT_LOC_STRINGS = NO;
				SWIFT_VERSION = 5.0;
				TARGETED_DEVICE_FAMILY = "1,2";
				TEST_TARGET_NAME = SurfTaro;
			};
			name = Debug;
		};
		7A7C23982929E76500E65343 /* Release */ = {
			isa = XCBuildConfiguration;
			buildSettings = {
				ALWAYS_EMBED_SWIFT_STANDARD_LIBRARIES = YES;
				CODE_SIGN_STYLE = Automatic;
				CURRENT_PROJECT_VERSION = 1;
				GENERATE_INFOPLIST_FILE = YES;
				MARKETING_VERSION = 1.0;
				PRODUCT_BUNDLE_IDENTIFIER = com.artema.SurfTaroUITests;
				PRODUCT_NAME = "$(TARGET_NAME)";
				SWIFT_EMIT_LOC_STRINGS = NO;
				SWIFT_VERSION = 5.0;
				TARGETED_DEVICE_FAMILY = "1,2";
				TEST_TARGET_NAME = SurfTaro;
			};
			name = Release;
		};
/* End XCBuildConfiguration section */

/* Begin XCConfigurationList section */
		7A7C23612929E76400E65343 /* Build configuration list for PBXProject "SurfTaro" */ = {
			isa = XCConfigurationList;
			buildConfigurations = (
				7A7C238E2929E76500E65343 /* Debug */,
				7A7C238F2929E76500E65343 /* Release */,
			);
			defaultConfigurationIsVisible = 0;
			defaultConfigurationName = Release;
		};
		7A7C23902929E76500E65343 /* Build configuration list for PBXNativeTarget "SurfTaro" */ = {
			isa = XCConfigurationList;
			buildConfigurations = (
				7A7C23912929E76500E65343 /* Debug */,
				7A7C23922929E76500E65343 /* Release */,
			);
			defaultConfigurationIsVisible = 0;
			defaultConfigurationName = Release;
		};
		7A7C23932929E76500E65343 /* Build configuration list for PBXNativeTarget "SurfTaroTests" */ = {
			isa = XCConfigurationList;
			buildConfigurations = (
				7A7C23942929E76500E65343 /* Debug */,
				7A7C23952929E76500E65343 /* Release */,
			);
			defaultConfigurationIsVisible = 0;
			defaultConfigurationName = Release;
		};
		7A7C23962929E76500E65343 /* Build configuration list for PBXNativeTarget "SurfTaroUITests" */ = {
			isa = XCConfigurationList;
			buildConfigurations = (
				7A7C23972929E76500E65343 /* Debug */,
				7A7C23982929E76500E65343 /* Release */,
			);
			defaultConfigurationIsVisible = 0;
			defaultConfigurationName = Release;
		};
/* End XCConfigurationList section */

/* Begin XCRemoteSwiftPackageReference section */
		7A62C9F5293221800046D4C5 /* XCRemoteSwiftPackageReference "DifferenceKit" */ = {
			isa = XCRemoteSwiftPackageReference;
			repositoryURL = "https://github.com/ra1028/DifferenceKit";
			requirement = {
				kind = upToNextMajorVersion;
				minimumVersion = 1.0.0;
			};
		};
		7A7C23C12929F79A00E65343 /* XCRemoteSwiftPackageReference "SnapKit" */ = {
			isa = XCRemoteSwiftPackageReference;
			repositoryURL = "https://github.com/SnapKit/SnapKit.git";
			requirement = {
				kind = upToNextMajorVersion;
				minimumVersion = 5.0.0;
			};
		};
		7A7C23C42929F85900E65343 /* XCRemoteSwiftPackageReference "RxKeyboard" */ = {
			isa = XCRemoteSwiftPackageReference;
			repositoryURL = "https://github.com/RxSwiftCommunity/RxKeyboard.git";
			requirement = {
				kind = upToNextMajorVersion;
				minimumVersion = 2.0.0;
			};
		};
/* End XCRemoteSwiftPackageReference section */

/* Begin XCSwiftPackageProductDependency section */
		7A62C9F6293221800046D4C5 /* DifferenceKit */ = {
			isa = XCSwiftPackageProductDependency;
			package = 7A62C9F5293221800046D4C5 /* XCRemoteSwiftPackageReference "DifferenceKit" */;
			productName = DifferenceKit;
		};
		7A7C23C22929F79A00E65343 /* SnapKit */ = {
			isa = XCSwiftPackageProductDependency;
			package = 7A7C23C12929F79A00E65343 /* XCRemoteSwiftPackageReference "SnapKit" */;
			productName = SnapKit;
		};
		7A7C23C52929F85900E65343 /* RxKeyboard */ = {
			isa = XCSwiftPackageProductDependency;
			package = 7A7C23C42929F85900E65343 /* XCRemoteSwiftPackageReference "RxKeyboard" */;
			productName = RxKeyboard;
		};
/* End XCSwiftPackageProductDependency section */
	};
	rootObject = 7A7C235E2929E76400E65343 /* Project object */;
}
